
Microsoft Visual Studio Solution File, Format Version 12.00
# Visual Studio Version 17
VisualStudioVersion = 17.8.34309.116
MinimumVisualStudioVersion = 10.0.40219.1
Project("{9A19103F-16F7-4668-BE54-9A1E7A4F7556}") = "TableWorm", "TableWorm\TableWorm.csproj", "{DC7ACC75-4286-4482-8BE1-50FD8AAB3DBC}"
EndProject
Project("{9A19103F-16F7-4668-BE54-9A1E7A4F7556}") = "TableWorm.Tests", "TableWorm.Tests\TableWorm.Tests.csproj", "{D76424A0-E73C-45C3-91F9-299D372F185C}"
EndProject
Global
	GlobalSection(SolutionConfigurationPlatforms) = preSolution
		Debug|Any CPU = Debug|Any CPU
		Release|Any CPU = Release|Any CPU
	EndGlobalSection
	GlobalSection(ProjectConfigurationPlatforms) = postSolution
		{DC7ACC75-4286-4482-8BE1-50FD8AAB3DBC}.Debug|Any CPU.ActiveCfg = Debug|Any CPU
		{DC7ACC75-4286-4482-8BE1-50FD8AAB3DBC}.Debug|Any CPU.Build.0 = Debug|Any CPU
		{DC7ACC75-4286-4482-8BE1-50FD8AAB3DBC}.Release|Any CPU.ActiveCfg = Release|Any CPU
		{DC7ACC75-4286-4482-8BE1-50FD8AAB3DBC}.Release|Any CPU.Build.0 = Release|Any CPU
		{D76424A0-E73C-45C3-91F9-299D372F185C}.Debug|Any CPU.ActiveCfg = Debug|Any CPU
		{D76424A0-E73C-45C3-91F9-299D372F185C}.Debug|Any CPU.Build.0 = Debug|Any CPU
		{D76424A0-E73C-45C3-91F9-299D372F185C}.Release|Any CPU.ActiveCfg = Release|Any CPU
		{D76424A0-E73C-45C3-91F9-299D372F185C}.Release|Any CPU.Build.0 = Release|Any CPU
	EndGlobalSection
	GlobalSection(SolutionProperties) = preSolution
		HideSolutionNode = FALSE
	EndGlobalSection
	GlobalSection(ExtensibilityGlobals) = postSolution
		SolutionGuid = {AA853EBF-BE94-42C4-B071-B673046C7F98}
	EndGlobalSection
EndGlobal
